
Microsoft Visual Studio Solution File, Format Version 12.00
# Visual Studio 14
VisualStudioVersion = 14.0.25123.0
MinimumVisualStudioVersion = 10.0.40219.1
Project("{FAE04EC0-301F-11D3-BF4B-00C04F79EFBC}") = "BRobot", "BRobot\BRobot.csproj", "{12D4098E-2F9E-4E15-892B-FDED71DA4B47}"
EndProject
Project("{2150E333-8FDC-42A3-9474-1A3956D46DE8}") = "SAMPLES", "SAMPLES", "{BA32CB47-9EAB-4191-9581-734ACC9633E7}"
EndProject
Project("{2150E333-8FDC-42A3-9474-1A3956D46DE8}") = "TESTS", "TESTS", "{BAFAAE31-B084-416B-BF06-41ACE4028DA4}"
EndProject
Project("{FAE04EC0-301F-11D3-BF4B-00C04F79EFBC}") = "EXAMPLE_ConnectionCheck", "EXAMPLES\EXAMPLE_ConnectionCheck\EXAMPLE_ConnectionCheck.csproj", "{4BCCB734-043B-4270-B8DE-D3960B17D0E0}"
EndProject
Project("{FAE04EC0-301F-11D3-BF4B-00C04F79EFBC}") = "EXAMPLE_DynamoBRobot", "EXAMPLES\EXAMPLE_DynamoBrobot\EXAMPLE_DynamoBRobot.csproj", "{F9000737-DFD7-458B-957A-4E0819B8D5E9}"
EndProject
Project("{FAE04EC0-301F-11D3-BF4B-00C04F79EFBC}") = "EXAMPLE_KeyboardControl", "EXAMPLES\EXAMPLE_KeyboardControl\EXAMPLE_KeyboardControl.csproj", "{B1AF7C8B-CFE5-4267-A1B2-ECBED63DBDD7}"
EndProject
Project("{FAE04EC0-301F-11D3-BF4B-00C04F79EFBC}") = "EXAMPLE_LoadModule", "EXAMPLES\EXAMPLE_LoadModule\EXAMPLE_LoadModule.csproj", "{32F8C481-D31F-49C3-9AD5-8D847F549540}"
EndProject
Project("{FAE04EC0-301F-11D3-BF4B-00C04F79EFBC}") = "EXAMPLE_OfflineCodeGeneration", "EXAMPLES\EXAMPLE_OfflineCodeGeneration\EXAMPLE_OfflineCodeGeneration.csproj", "{9E155754-5524-45C8-A72E-43F472F502C0}"
EndProject
Project("{FAE04EC0-301F-11D3-BF4B-00C04F79EFBC}") = "EXAMPLE_StreamTargets", "EXAMPLES\EXAMPLE_StreamTargets\EXAMPLE_StreamTargets.csproj", "{16AF5FDC-0CA2-4934-B565-FE7A53045BB5}"
EndProject
Project("{FAE04EC0-301F-11D3-BF4B-00C04F79EFBC}") = "EXAMPLE_TUIO_DEMO", "EXAMPLES\EXAMPLE_TUIO_DEMO\EXAMPLE_TUIO_DEMO.csproj", "{1D5CA94F-0209-4A42-BFBD-8818B5049B6C}"
EndProject
Project("{FAE04EC0-301F-11D3-BF4B-00C04F79EFBC}") = "EXAMPLE_XBOX1Control", "EXAMPLES\EXAMPLE_XBOX1Control\EXAMPLE_XBOX1Control.csproj", "{D85F7A35-B2DB-4840-A6B2-2E04FE3CA55F}"
EndProject
Project("{FAE04EC0-301F-11D3-BF4B-00C04F79EFBC}") = "TEST_ExecuteAPITests", "TESTS\TEST_ExecuteAPITests\TEST_ExecuteAPITests.csproj", "{6ED141D9-92E5-4880-85D7-A05A180EFEE3}"
EndProject
Project("{FAE04EC0-301F-11D3-BF4B-00C04F79EFBC}") = "TEST_OfflineAPITests", "TESTS\TEST_NewAPITests\TEST_OfflineAPITests.csproj", "{6208C235-4E73-48A9-B50E-4433584A1B89}"
EndProject
Project("{FAE04EC0-301F-11D3-BF4B-00C04F79EFBC}") = "TEST_StreamAPITests", "TESTS\TEST_StreamAPITests\TEST_StreamAPITests.csproj", "{F1A70951-C995-4688-A843-C9BAC8064F65}"
EndProject
Project("{FAE04EC0-301F-11D3-BF4B-00C04F79EFBC}") = "TEST_Workbench", "TEST_Workbench\TEST_Workbench.csproj", "{7DCE128B-98CE-4C3B-8346-829D40A62BFC}"
EndProject
Global
	GlobalSection(SolutionConfigurationPlatforms) = preSolution
		Debug|Any CPU = Debug|Any CPU
		Debug|x64 = Debug|x64
		Release|Any CPU = Release|Any CPU
		Release|x64 = Release|x64
	EndGlobalSection
	GlobalSection(ProjectConfigurationPlatforms) = postSolution
		{12D4098E-2F9E-4E15-892B-FDED71DA4B47}.Debug|Any CPU.ActiveCfg = Debug|Any CPU
		{12D4098E-2F9E-4E15-892B-FDED71DA4B47}.Debug|Any CPU.Build.0 = Debug|Any CPU
		{12D4098E-2F9E-4E15-892B-FDED71DA4B47}.Debug|x64.ActiveCfg = Debug|x64
		{12D4098E-2F9E-4E15-892B-FDED71DA4B47}.Debug|x64.Build.0 = Debug|x64
		{12D4098E-2F9E-4E15-892B-FDED71DA4B47}.Release|Any CPU.ActiveCfg = Release|Any CPU
		{12D4098E-2F9E-4E15-892B-FDED71DA4B47}.Release|Any CPU.Build.0 = Release|Any CPU
		{12D4098E-2F9E-4E15-892B-FDED71DA4B47}.Release|x64.ActiveCfg = Release|x64
		{12D4098E-2F9E-4E15-892B-FDED71DA4B47}.Release|x64.Build.0 = Release|x64
		{4BCCB734-043B-4270-B8DE-D3960B17D0E0}.Debug|Any CPU.ActiveCfg = Debug|Any CPU
		{4BCCB734-043B-4270-B8DE-D3960B17D0E0}.Debug|Any CPU.Build.0 = Debug|Any CPU
		{4BCCB734-043B-4270-B8DE-D3960B17D0E0}.Debug|x64.ActiveCfg = Debug|Any CPU
		{4BCCB734-043B-4270-B8DE-D3960B17D0E0}.Debug|x64.Build.0 = Debug|Any CPU
		{4BCCB734-043B-4270-B8DE-D3960B17D0E0}.Release|Any CPU.ActiveCfg = Release|Any CPU
		{4BCCB734-043B-4270-B8DE-D3960B17D0E0}.Release|Any CPU.Build.0 = Release|Any CPU
		{4BCCB734-043B-4270-B8DE-D3960B17D0E0}.Release|x64.ActiveCfg = Release|Any CPU
		{4BCCB734-043B-4270-B8DE-D3960B17D0E0}.Release|x64.Build.0 = Release|Any CPU
		{F9000737-DFD7-458B-957A-4E0819B8D5E9}.Debug|Any CPU.ActiveCfg = Debug|Any CPU
		{F9000737-DFD7-458B-957A-4E0819B8D5E9}.Debug|Any CPU.Build.0 = Debug|Any CPU
		{F9000737-DFD7-458B-957A-4E0819B8D5E9}.Debug|x64.ActiveCfg = Debug|Any CPU
		{F9000737-DFD7-458B-957A-4E0819B8D5E9}.Debug|x64.Build.0 = Debug|Any CPU
		{F9000737-DFD7-458B-957A-4E0819B8D5E9}.Release|Any CPU.ActiveCfg = Release|Any CPU
		{F9000737-DFD7-458B-957A-4E0819B8D5E9}.Release|Any CPU.Build.0 = Release|Any CPU
		{F9000737-DFD7-458B-957A-4E0819B8D5E9}.Release|x64.ActiveCfg = Release|Any CPU
		{F9000737-DFD7-458B-957A-4E0819B8D5E9}.Release|x64.Build.0 = Release|Any CPU
		{B1AF7C8B-CFE5-4267-A1B2-ECBED63DBDD7}.Debug|Any CPU.ActiveCfg = Debug|Any CPU
		{B1AF7C8B-CFE5-4267-A1B2-ECBED63DBDD7}.Debug|Any CPU.Build.0 = Debug|Any CPU
		{B1AF7C8B-CFE5-4267-A1B2-ECBED63DBDD7}.Debug|x64.ActiveCfg = Debug|Any CPU
		{B1AF7C8B-CFE5-4267-A1B2-ECBED63DBDD7}.Debug|x64.Build.0 = Debug|Any CPU
		{B1AF7C8B-CFE5-4267-A1B2-ECBED63DBDD7}.Release|Any CPU.ActiveCfg = Release|Any CPU
		{B1AF7C8B-CFE5-4267-A1B2-ECBED63DBDD7}.Release|Any CPU.Build.0 = Release|Any CPU
		{B1AF7C8B-CFE5-4267-A1B2-ECBED63DBDD7}.Release|x64.ActiveCfg = Release|Any CPU
		{B1AF7C8B-CFE5-4267-A1B2-ECBED63DBDD7}.Release|x64.Build.0 = Release|Any CPU
		{32F8C481-D31F-49C3-9AD5-8D847F549540}.Debug|Any CPU.ActiveCfg = Debug|Any CPU
		{32F8C481-D31F-49C3-9AD5-8D847F549540}.Debug|Any CPU.Build.0 = Debug|Any CPU
		{32F8C481-D31F-49C3-9AD5-8D847F549540}.Debug|x64.ActiveCfg = Debug|Any CPU
		{32F8C481-D31F-49C3-9AD5-8D847F549540}.Debug|x64.Build.0 = Debug|Any CPU
		{32F8C481-D31F-49C3-9AD5-8D847F549540}.Release|Any CPU.ActiveCfg = Release|Any CPU
		{32F8C481-D31F-49C3-9AD5-8D847F549540}.Release|Any CPU.Build.0 = Release|Any CPU
		{32F8C481-D31F-49C3-9AD5-8D847F549540}.Release|x64.ActiveCfg = Release|Any CPU
		{32F8C481-D31F-49C3-9AD5-8D847F549540}.Release|x64.Build.0 = Release|Any CPU
		{9E155754-5524-45C8-A72E-43F472F502C0}.Debug|Any CPU.ActiveCfg = Debug|Any CPU
		{9E155754-5524-45C8-A72E-43F472F502C0}.Debug|Any CPU.Build.0 = Debug|Any CPU
		{9E155754-5524-45C8-A72E-43F472F502C0}.Debug|x64.ActiveCfg = Debug|Any CPU
		{9E155754-5524-45C8-A72E-43F472F502C0}.Debug|x64.Build.0 = Debug|Any CPU
		{9E155754-5524-45C8-A72E-43F472F502C0}.Release|Any CPU.ActiveCfg = Release|Any CPU
		{9E155754-5524-45C8-A72E-43F472F502C0}.Release|Any CPU.Build.0 = Release|Any CPU
		{9E155754-5524-45C8-A72E-43F472F502C0}.Release|x64.ActiveCfg = Release|Any CPU
		{9E155754-5524-45C8-A72E-43F472F502C0}.Release|x64.Build.0 = Release|Any CPU
		{16AF5FDC-0CA2-4934-B565-FE7A53045BB5}.Debug|Any CPU.ActiveCfg = Debug|Any CPU
		{16AF5FDC-0CA2-4934-B565-FE7A53045BB5}.Debug|Any CPU.Build.0 = Debug|Any CPU
		{16AF5FDC-0CA2-4934-B565-FE7A53045BB5}.Debug|x64.ActiveCfg = Debug|Any CPU
		{16AF5FDC-0CA2-4934-B565-FE7A53045BB5}.Debug|x64.Build.0 = Debug|Any CPU
		{16AF5FDC-0CA2-4934-B565-FE7A53045BB5}.Release|Any CPU.ActiveCfg = Release|Any CPU
		{16AF5FDC-0CA2-4934-B565-FE7A53045BB5}.Release|Any CPU.Build.0 = Release|Any CPU
		{16AF5FDC-0CA2-4934-B565-FE7A53045BB5}.Release|x64.ActiveCfg = Release|Any CPU
		{16AF5FDC-0CA2-4934-B565-FE7A53045BB5}.Release|x64.Build.0 = Release|Any CPU
		{1D5CA94F-0209-4A42-BFBD-8818B5049B6C}.Debug|Any CPU.ActiveCfg = Debug|Any CPU
		{1D5CA94F-0209-4A42-BFBD-8818B5049B6C}.Debug|Any CPU.Build.0 = Debug|Any CPU
		{1D5CA94F-0209-4A42-BFBD-8818B5049B6C}.Debug|x64.ActiveCfg = Debug|x64
		{1D5CA94F-0209-4A42-BFBD-8818B5049B6C}.Debug|x64.Build.0 = Debug|x64
		{1D5CA94F-0209-4A42-BFBD-8818B5049B6C}.Release|Any CPU.ActiveCfg = Release|Any CPU
		{1D5CA94F-0209-4A42-BFBD-8818B5049B6C}.Release|Any CPU.Build.0 = Release|Any CPU
		{1D5CA94F-0209-4A42-BFBD-8818B5049B6C}.Release|x64.ActiveCfg = Release|x64
		{1D5CA94F-0209-4A42-BFBD-8818B5049B6C}.Release|x64.Build.0 = Release|x64
		{D85F7A35-B2DB-4840-A6B2-2E04FE3CA55F}.Debug|Any CPU.ActiveCfg = Debug|Any CPU
		{D85F7A35-B2DB-4840-A6B2-2E04FE3CA55F}.Debug|Any CPU.Build.0 = Debug|Any CPU
		{D85F7A35-B2DB-4840-A6B2-2E04FE3CA55F}.Debug|x64.ActiveCfg = Debug|Any CPU
		{D85F7A35-B2DB-4840-A6B2-2E04FE3CA55F}.Debug|x64.Build.0 = Debug|Any CPU
		{D85F7A35-B2DB-4840-A6B2-2E04FE3CA55F}.Release|Any CPU.ActiveCfg = Release|Any CPU
		{D85F7A35-B2DB-4840-A6B2-2E04FE3CA55F}.Release|Any CPU.Build.0 = Release|Any CPU
		{D85F7A35-B2DB-4840-A6B2-2E04FE3CA55F}.Release|x64.ActiveCfg = Release|Any CPU
		{D85F7A35-B2DB-4840-A6B2-2E04FE3CA55F}.Release|x64.Build.0 = Release|Any CPU
		{6ED141D9-92E5-4880-85D7-A05A180EFEE3}.Debug|Any CPU.ActiveCfg = Debug|Any CPU
		{6ED141D9-92E5-4880-85D7-A05A180EFEE3}.Debug|Any CPU.Build.0 = Debug|Any CPU
		{6ED141D9-92E5-4880-85D7-A05A180EFEE3}.Debug|x64.ActiveCfg = Debug|Any CPU
		{6ED141D9-92E5-4880-85D7-A05A180EFEE3}.Debug|x64.Build.0 = Debug|Any CPU
		{6ED141D9-92E5-4880-85D7-A05A180EFEE3}.Release|Any CPU.ActiveCfg = Release|Any CPU
		{6ED141D9-92E5-4880-85D7-A05A180EFEE3}.Release|Any CPU.Build.0 = Release|Any CPU
		{6ED141D9-92E5-4880-85D7-A05A180EFEE3}.Release|x64.ActiveCfg = Release|Any CPU
		{6ED141D9-92E5-4880-85D7-A05A180EFEE3}.Release|x64.Build.0 = Release|Any CPU
		{6208C235-4E73-48A9-B50E-4433584A1B89}.Debug|Any CPU.ActiveCfg = Debug|Any CPU
		{6208C235-4E73-48A9-B50E-4433584A1B89}.Debug|Any CPU.Build.0 = Debug|Any CPU
		{6208C235-4E73-48A9-B50E-4433584A1B89}.Debug|x64.ActiveCfg = Debug|Any CPU
		{6208C235-4E73-48A9-B50E-4433584A1B89}.Debug|x64.Build.0 = Debug|Any CPU
		{6208C235-4E73-48A9-B50E-4433584A1B89}.Release|Any CPU.ActiveCfg = Release|Any CPU
		{6208C235-4E73-48A9-B50E-4433584A1B89}.Release|Any CPU.Build.0 = Release|Any CPU
		{6208C235-4E73-48A9-B50E-4433584A1B89}.Release|x64.ActiveCfg = Release|Any CPU
		{6208C235-4E73-48A9-B50E-4433584A1B89}.Release|x64.Build.0 = Release|Any CPU
		{F1A70951-C995-4688-A843-C9BAC8064F65}.Debug|Any CPU.ActiveCfg = Debug|Any CPU
		{F1A70951-C995-4688-A843-C9BAC8064F65}.Debug|Any CPU.Build.0 = Debug|Any CPU
		{F1A70951-C995-4688-A843-C9BAC8064F65}.Debug|x64.ActiveCfg = Debug|Any CPU
		{F1A70951-C995-4688-A843-C9BAC8064F65}.Debug|x64.Build.0 = Debug|Any CPU
		{F1A70951-C995-4688-A843-C9BAC8064F65}.Release|Any CPU.ActiveCfg = Release|Any CPU
		{F1A70951-C995-4688-A843-C9BAC8064F65}.Release|Any CPU.Build.0 = Release|Any CPU
		{F1A70951-C995-4688-A843-C9BAC8064F65}.Release|x64.ActiveCfg = Release|Any CPU
		{F1A70951-C995-4688-A843-C9BAC8064F65}.Release|x64.Build.0 = Release|Any CPU
		{7DCE128B-98CE-4C3B-8346-829D40A62BFC}.Debug|Any CPU.ActiveCfg = Debug|Any CPU
		{7DCE128B-98CE-4C3B-8346-829D40A62BFC}.Debug|Any CPU.Build.0 = Debug|Any CPU
		{7DCE128B-98CE-4C3B-8346-829D40A62BFC}.Debug|x64.ActiveCfg = Debug|Any CPU
		{7DCE128B-98CE-4C3B-8346-829D40A62BFC}.Debug|x64.Build.0 = Debug|Any CPU
		{7DCE128B-98CE-4C3B-8346-829D40A62BFC}.Release|Any CPU.ActiveCfg = Release|Any CPU
		{7DCE128B-98CE-4C3B-8346-829D40A62BFC}.Release|Any CPU.Build.0 = Release|Any CPU
		{7DCE128B-98CE-4C3B-8346-829D40A62BFC}.Release|x64.ActiveCfg = Release|Any CPU
		{7DCE128B-98CE-4C3B-8346-829D40A62BFC}.Release|x64.Build.0 = Release|Any CPU
	EndGlobalSection
	GlobalSection(SolutionProperties) = preSolution
		HideSolutionNode = FALSE
	EndGlobalSection
	GlobalSection(NestedProjects) = preSolution
		{4BCCB734-043B-4270-B8DE-D3960B17D0E0} = {BA32CB47-9EAB-4191-9581-734ACC9633E7}
		{F9000737-DFD7-458B-957A-4E0819B8D5E9} = {BA32CB47-9EAB-4191-9581-734ACC9633E7}
		{B1AF7C8B-CFE5-4267-A1B2-ECBED63DBDD7} = {BA32CB47-9EAB-4191-9581-734ACC9633E7}
		{32F8C481-D31F-49C3-9AD5-8D847F549540} = {BA32CB47-9EAB-4191-9581-734ACC9633E7}
		{9E155754-5524-45C8-A72E-43F472F502C0} = {BA32CB47-9EAB-4191-9581-734ACC9633E7}
		{16AF5FDC-0CA2-4934-B565-FE7A53045BB5} = {BA32CB47-9EAB-4191-9581-734ACC9633E7}
		{1D5CA94F-0209-4A42-BFBD-8818B5049B6C} = {BA32CB47-9EAB-4191-9581-734ACC9633E7}
		{D85F7A35-B2DB-4840-A6B2-2E04FE3CA55F} = {BA32CB47-9EAB-4191-9581-734ACC9633E7}
		{6ED141D9-92E5-4880-85D7-A05A180EFEE3} = {BAFAAE31-B084-416B-BF06-41ACE4028DA4}
		{6208C235-4E73-48A9-B50E-4433584A1B89} = {BAFAAE31-B084-416B-BF06-41ACE4028DA4}
		{F1A70951-C995-4688-A843-C9BAC8064F65} = {BAFAAE31-B084-416B-BF06-41ACE4028DA4}
		{7DCE128B-98CE-4C3B-8346-829D40A62BFC} = {BAFAAE31-B084-416B-BF06-41ACE4028DA4}
	EndGlobalSection
EndGlobal
