
Microsoft Visual Studio Solution File, Format Version 12.00
# Visual Studio 14
VisualStudioVersion = 14.0.25123.0
MinimumVisualStudioVersion = 10.0.40219.1
Project("{FAE04EC0-301F-11D3-BF4B-00C04F79EFBC}") = "RobotControl", "RobotControl\RobotControl.csproj", "{12D4098E-2F9E-4E15-892B-FDED71DA4B47}"
EndProject
Project("{FAE04EC0-301F-11D3-BF4B-00C04F79EFBC}") = "EXAMPLE_ConnectionCheck", "EXAMPLE_ConnectionCheck\EXAMPLE_ConnectionCheck.csproj", "{4BCCB734-043B-4270-B8DE-D3960B17D0E0}"
EndProject
Project("{FAE04EC0-301F-11D3-BF4B-00C04F79EFBC}") = "EXAMPLE_LoadModule", "EXAMPLE_LoadModule\EXAMPLE_LoadModule.csproj", "{32F8C481-D31F-49C3-9AD5-8D847F549540}"
EndProject
Project("{FAE04EC0-301F-11D3-BF4B-00C04F79EFBC}") = "EXAMPLE_StreamTargets", "EXAMPLE_StreamTargets\EXAMPLE_StreamTargets.csproj", "{63EC952A-2CC2-4966-A3C7-8B18FA85DF2C}"
EndProject
Project("{FAE04EC0-301F-11D3-BF4B-00C04F79EFBC}") = "EXAMPLE_KeyboardControl", "EXAMPLE_KeyboardControl\EXAMPLE_KeyboardControl.csproj", "{B1AF7C8B-CFE5-4267-A1B2-ECBED63DBDD7}"
EndProject
Project("{FAE04EC0-301F-11D3-BF4B-00C04F79EFBC}") = "EXAMPLE_StreamTargets2", "EXAMPLE_StreamTargets2\EXAMPLE_StreamTargets2.csproj", "{16AF5FDC-0CA2-4934-B565-FE7A53045BB5}"
EndProject
Project("{FAE04EC0-301F-11D3-BF4B-00C04F79EFBC}") = "EXAMPLE_TUIO_DEMO", "EXAMPLE_TUIO_DEMO\EXAMPLE_TUIO_DEMO.csproj", "{1D5CA94F-0209-4A42-BFBD-8818B5049B6C}"
EndProject
Global
	GlobalSection(SolutionConfigurationPlatforms) = preSolution
		Debug|Any CPU = Debug|Any CPU
		Debug|x64 = Debug|x64
		Release|Any CPU = Release|Any CPU
		Release|x64 = Release|x64
	EndGlobalSection
	GlobalSection(ProjectConfigurationPlatforms) = postSolution
		{12D4098E-2F9E-4E15-892B-FDED71DA4B47}.Debug|Any CPU.ActiveCfg = Debug|Any CPU
		{12D4098E-2F9E-4E15-892B-FDED71DA4B47}.Debug|Any CPU.Build.0 = Debug|Any CPU
		{12D4098E-2F9E-4E15-892B-FDED71DA4B47}.Debug|x64.ActiveCfg = Debug|Any CPU
		{12D4098E-2F9E-4E15-892B-FDED71DA4B47}.Debug|x64.Build.0 = Debug|Any CPU
		{12D4098E-2F9E-4E15-892B-FDED71DA4B47}.Release|Any CPU.ActiveCfg = Release|Any CPU
		{12D4098E-2F9E-4E15-892B-FDED71DA4B47}.Release|Any CPU.Build.0 = Release|Any CPU
		{12D4098E-2F9E-4E15-892B-FDED71DA4B47}.Release|x64.ActiveCfg = Release|x64
		{12D4098E-2F9E-4E15-892B-FDED71DA4B47}.Release|x64.Build.0 = Release|x64
		{4BCCB734-043B-4270-B8DE-D3960B17D0E0}.Debug|Any CPU.ActiveCfg = Debug|Any CPU
		{4BCCB734-043B-4270-B8DE-D3960B17D0E0}.Debug|Any CPU.Build.0 = Debug|Any CPU
		{4BCCB734-043B-4270-B8DE-D3960B17D0E0}.Debug|x64.ActiveCfg = Debug|Any CPU
		{4BCCB734-043B-4270-B8DE-D3960B17D0E0}.Debug|x64.Build.0 = Debug|Any CPU
		{4BCCB734-043B-4270-B8DE-D3960B17D0E0}.Release|Any CPU.ActiveCfg = Release|Any CPU
		{4BCCB734-043B-4270-B8DE-D3960B17D0E0}.Release|Any CPU.Build.0 = Release|Any CPU
		{4BCCB734-043B-4270-B8DE-D3960B17D0E0}.Release|x64.ActiveCfg = Release|Any CPU
		{4BCCB734-043B-4270-B8DE-D3960B17D0E0}.Release|x64.Build.0 = Release|Any CPU
		{32F8C481-D31F-49C3-9AD5-8D847F549540}.Debug|Any CPU.ActiveCfg = Debug|Any CPU
		{32F8C481-D31F-49C3-9AD5-8D847F549540}.Debug|Any CPU.Build.0 = Debug|Any CPU
		{32F8C481-D31F-49C3-9AD5-8D847F549540}.Debug|x64.ActiveCfg = Debug|Any CPU
		{32F8C481-D31F-49C3-9AD5-8D847F549540}.Debug|x64.Build.0 = Debug|Any CPU
		{32F8C481-D31F-49C3-9AD5-8D847F549540}.Release|Any CPU.ActiveCfg = Release|Any CPU
		{32F8C481-D31F-49C3-9AD5-8D847F549540}.Release|Any CPU.Build.0 = Release|Any CPU
		{32F8C481-D31F-49C3-9AD5-8D847F549540}.Release|x64.ActiveCfg = Release|Any CPU
		{32F8C481-D31F-49C3-9AD5-8D847F549540}.Release|x64.Build.0 = Release|Any CPU
		{63EC952A-2CC2-4966-A3C7-8B18FA85DF2C}.Debug|Any CPU.ActiveCfg = Debug|Any CPU
		{63EC952A-2CC2-4966-A3C7-8B18FA85DF2C}.Debug|Any CPU.Build.0 = Debug|Any CPU
		{63EC952A-2CC2-4966-A3C7-8B18FA85DF2C}.Debug|x64.ActiveCfg = Debug|Any CPU
		{63EC952A-2CC2-4966-A3C7-8B18FA85DF2C}.Debug|x64.Build.0 = Debug|Any CPU
		{63EC952A-2CC2-4966-A3C7-8B18FA85DF2C}.Release|Any CPU.ActiveCfg = Release|Any CPU
		{63EC952A-2CC2-4966-A3C7-8B18FA85DF2C}.Release|Any CPU.Build.0 = Release|Any CPU
		{63EC952A-2CC2-4966-A3C7-8B18FA85DF2C}.Release|x64.ActiveCfg = Release|Any CPU
		{63EC952A-2CC2-4966-A3C7-8B18FA85DF2C}.Release|x64.Build.0 = Release|Any CPU
		{B1AF7C8B-CFE5-4267-A1B2-ECBED63DBDD7}.Debug|Any CPU.ActiveCfg = Debug|Any CPU
		{B1AF7C8B-CFE5-4267-A1B2-ECBED63DBDD7}.Debug|Any CPU.Build.0 = Debug|Any CPU
		{B1AF7C8B-CFE5-4267-A1B2-ECBED63DBDD7}.Debug|x64.ActiveCfg = Debug|Any CPU
		{B1AF7C8B-CFE5-4267-A1B2-ECBED63DBDD7}.Debug|x64.Build.0 = Debug|Any CPU
		{B1AF7C8B-CFE5-4267-A1B2-ECBED63DBDD7}.Release|Any CPU.ActiveCfg = Release|Any CPU
		{B1AF7C8B-CFE5-4267-A1B2-ECBED63DBDD7}.Release|Any CPU.Build.0 = Release|Any CPU
		{B1AF7C8B-CFE5-4267-A1B2-ECBED63DBDD7}.Release|x64.ActiveCfg = Release|Any CPU
		{B1AF7C8B-CFE5-4267-A1B2-ECBED63DBDD7}.Release|x64.Build.0 = Release|Any CPU
		{16AF5FDC-0CA2-4934-B565-FE7A53045BB5}.Debug|Any CPU.ActiveCfg = Debug|Any CPU
		{16AF5FDC-0CA2-4934-B565-FE7A53045BB5}.Debug|Any CPU.Build.0 = Debug|Any CPU
		{16AF5FDC-0CA2-4934-B565-FE7A53045BB5}.Debug|x64.ActiveCfg = Debug|Any CPU
		{16AF5FDC-0CA2-4934-B565-FE7A53045BB5}.Debug|x64.Build.0 = Debug|Any CPU
		{16AF5FDC-0CA2-4934-B565-FE7A53045BB5}.Release|Any CPU.ActiveCfg = Release|Any CPU
		{16AF5FDC-0CA2-4934-B565-FE7A53045BB5}.Release|Any CPU.Build.0 = Release|Any CPU
		{16AF5FDC-0CA2-4934-B565-FE7A53045BB5}.Release|x64.ActiveCfg = Release|Any CPU
		{16AF5FDC-0CA2-4934-B565-FE7A53045BB5}.Release|x64.Build.0 = Release|Any CPU
		{1D5CA94F-0209-4A42-BFBD-8818B5049B6C}.Debug|Any CPU.ActiveCfg = Debug|Any CPU
		{1D5CA94F-0209-4A42-BFBD-8818B5049B6C}.Debug|Any CPU.Build.0 = Debug|Any CPU
		{1D5CA94F-0209-4A42-BFBD-8818B5049B6C}.Debug|x64.ActiveCfg = Debug|x64
		{1D5CA94F-0209-4A42-BFBD-8818B5049B6C}.Debug|x64.Build.0 = Debug|x64
		{1D5CA94F-0209-4A42-BFBD-8818B5049B6C}.Release|Any CPU.ActiveCfg = Release|Any CPU
		{1D5CA94F-0209-4A42-BFBD-8818B5049B6C}.Release|Any CPU.Build.0 = Release|Any CPU
		{1D5CA94F-0209-4A42-BFBD-8818B5049B6C}.Release|x64.ActiveCfg = Release|x64
		{1D5CA94F-0209-4A42-BFBD-8818B5049B6C}.Release|x64.Build.0 = Release|x64
	EndGlobalSection
	GlobalSection(SolutionProperties) = preSolution
		HideSolutionNode = FALSE
	EndGlobalSection
EndGlobal
